
Microsoft Visual Studio Solution File, Format Version 12.00
Project("{FAE04EC0-301F-11D3-BF4B-00C04F79EFBC}") = "BackgroundRabbit", "BackgroundRabbit\BackgroundRabbit.csproj", "{8615679C-8DA2-4641-8A33-FEB0F3AF419D}"
EndProject
Global
	GlobalSection(SolutionConfigurationPlatforms) = preSolution
		Debug|Any CPU = Debug|Any CPU
		Release|Any CPU = Release|Any CPU
	EndGlobalSection
	GlobalSection(ProjectConfigurationPlatforms) = postSolution
		{8615679C-8DA2-4641-8A33-FEB0F3AF419D}.Debug|Any CPU.ActiveCfg = Debug|Any CPU
		{8615679C-8DA2-4641-8A33-FEB0F3AF419D}.Debug|Any CPU.Build.0 = Debug|Any CPU
		{8615679C-8DA2-4641-8A33-FEB0F3AF419D}.Release|Any CPU.ActiveCfg = Release|Any CPU
		{8615679C-8DA2-4641-8A33-FEB0F3AF419D}.Release|Any CPU.Build.0 = Release|Any CPU
	EndGlobalSection
EndGlobal
